// !$*UTF8*$!
{
	archiveVersion = 1;
	classes = {
	};
	objectVersion = 55;
	objects = {

/* Begin PBXBuildFile section */
		9B67D8F127A3398000971A0C /* CategoryListView.swift in Sources */ = {isa = PBXBuildFile; fileRef = 9B67D8F027A3398000971A0C /* CategoryListView.swift */; };
		9B67D8F327A33C7100971A0C /* CategoryDebugView.swift in Sources */ = {isa = PBXBuildFile; fileRef = 9B67D8F227A33C7100971A0C /* CategoryDebugView.swift */; };
		9B67D8F527A33C7F00971A0C /* CategoryRowView.swift in Sources */ = {isa = PBXBuildFile; fileRef = 9B67D8F427A33C7F00971A0C /* CategoryRowView.swift */; };
		9B67D8F727A357F500971A0C /* ApiInterface.swift in Sources */ = {isa = PBXBuildFile; fileRef = 9B67D8F627A357F500971A0C /* ApiInterface.swift */; };
		9B67D8F927A367D400971A0C /* CategoryViewModel.swift in Sources */ = {isa = PBXBuildFile; fileRef = 9B67D8F827A367D400971A0C /* CategoryViewModel.swift */; };
		9B67D8FB27A4181D00971A0C /* SearchResult.swift in Sources */ = {isa = PBXBuildFile; fileRef = 9B67D8FA27A4181D00971A0C /* SearchResult.swift */; };
		9B67D8FD27A41A6A00971A0C /* Listing.swift in Sources */ = {isa = PBXBuildFile; fileRef = 9B67D8FC27A41A6A00971A0C /* Listing.swift */; };
		9B67D8FF27A49B4100971A0C /* ListingsView.swift in Sources */ = {isa = PBXBuildFile; fileRef = 9B67D8FE27A49B4100971A0C /* ListingsView.swift */; };
		9B67D90127A49B8800971A0C /* ListingsViewModel.swift in Sources */ = {isa = PBXBuildFile; fileRef = 9B67D90027A49B8800971A0C /* ListingsViewModel.swift */; };
		9B67D90327A49D3000971A0C /* BaseViewModel.swift in Sources */ = {isa = PBXBuildFile; fileRef = 9B67D90227A49D3000971A0C /* BaseViewModel.swift */; };
		9B67D92927A6377800971A0C /* OAuthHelper.swift in Sources */ = {isa = PBXBuildFile; fileRef = 9B67D92827A6377800971A0C /* OAuthHelper.swift */; };
		9B67D92C27A64A7300971A0C /* Credentials.swift in Sources */ = {isa = PBXBuildFile; fileRef = 9B67D92B27A64A7300971A0C /* Credentials.swift */; };
		9B6EB7DC27A20D5600C19A32 /* TradeMe_CategoriesApp.swift in Sources */ = {isa = PBXBuildFile; fileRef = 9B6EB7DB27A20D5600C19A32 /* TradeMe_CategoriesApp.swift */; };
		9B6EB7E027A20D5B00C19A32 /* Assets.xcassets in Resources */ = {isa = PBXBuildFile; fileRef = 9B6EB7DF27A20D5B00C19A32 /* Assets.xcassets */; };
		9B6EB7E327A20D5B00C19A32 /* Preview Assets.xcassets in Resources */ = {isa = PBXBuildFile; fileRef = 9B6EB7E227A20D5B00C19A32 /* Preview Assets.xcassets */; };
		9B6EB7ED27A20D5C00C19A32 /* TradeMe_CategoriesTests.swift in Sources */ = {isa = PBXBuildFile; fileRef = 9B6EB7EC27A20D5C00C19A32 /* TradeMe_CategoriesTests.swift */; };
		9B6EB7F727A20D5C00C19A32 /* TradeMe_CategoriesUITests.swift in Sources */ = {isa = PBXBuildFile; fileRef = 9B6EB7F627A20D5C00C19A32 /* TradeMe_CategoriesUITests.swift */; };
		9B6EB7F927A20D5C00C19A32 /* TradeMe_CategoriesUITestsLaunchTests.swift in Sources */ = {isa = PBXBuildFile; fileRef = 9B6EB7F827A20D5C00C19A32 /* TradeMe_CategoriesUITestsLaunchTests.swift */; };
		9B6EB80927A20EE000C19A32 /* ApiManager.swift in Sources */ = {isa = PBXBuildFile; fileRef = 9B6EB80827A20EE000C19A32 /* ApiManager.swift */; };
		9B6EB80C27A2204600C19A32 /* Category.swift in Sources */ = {isa = PBXBuildFile; fileRef = 9B6EB80B27A2204600C19A32 /* Category.swift */; };
		9B6EB80F27A22AC400C19A32 /* CategoryListViewModel.swift in Sources */ = {isa = PBXBuildFile; fileRef = 9B6EB80E27A22AC400C19A32 /* CategoryListViewModel.swift */; };
		9B6EB81327A2516500C19A32 /* categories_test.json in Resources */ = {isa = PBXBuildFile; fileRef = 9B6EB81027A2419200C19A32 /* categories_test.json */; };
		9BD56F4E27A6C192009CA366 /* SubCategoryNodeView.swift in Sources */ = {isa = PBXBuildFile; fileRef = 9BD56F4D27A6C192009CA366 /* SubCategoryNodeView.swift */; };
		9BD56F4F27A735B5009CA366 /* OAuthHelper.swift in Sources */ = {isa = PBXBuildFile; fileRef = 9B67D92827A6377800971A0C /* OAuthHelper.swift */; };
		9BD56F5027A73713009CA366 /* Credentials.swift in Sources */ = {isa = PBXBuildFile; fileRef = 9B67D92B27A64A7300971A0C /* Credentials.swift */; };
/* End PBXBuildFile section */

/* Begin PBXContainerItemProxy section */
		9B6EB7E927A20D5C00C19A32 /* PBXContainerItemProxy */ = {
			isa = PBXContainerItemProxy;
			containerPortal = 9B6EB7D027A20D5600C19A32 /* Project object */;
			proxyType = 1;
			remoteGlobalIDString = 9B6EB7D727A20D5600C19A32;
			remoteInfo = TradeMe_Categories;
		};
		9B6EB7F327A20D5C00C19A32 /* PBXContainerItemProxy */ = {
			isa = PBXContainerItemProxy;
			containerPortal = 9B6EB7D027A20D5600C19A32 /* Project object */;
			proxyType = 1;
			remoteGlobalIDString = 9B6EB7D727A20D5600C19A32;
			remoteInfo = TradeMe_Categories;
		};
/* End PBXContainerItemProxy section */

/* Begin PBXFileReference section */
		9B67D8F027A3398000971A0C /* CategoryListView.swift */ = {isa = PBXFileReference; lastKnownFileType = sourcecode.swift; path = CategoryListView.swift; sourceTree = "<group>"; };
		9B67D8F227A33C7100971A0C /* CategoryDebugView.swift */ = {isa = PBXFileReference; lastKnownFileType = sourcecode.swift; path = CategoryDebugView.swift; sourceTree = "<group>"; };
		9B67D8F427A33C7F00971A0C /* CategoryRowView.swift */ = {isa = PBXFileReference; lastKnownFileType = sourcecode.swift; path = CategoryRowView.swift; sourceTree = "<group>"; };
		9B67D8F627A357F500971A0C /* ApiInterface.swift */ = {isa = PBXFileReference; lastKnownFileType = sourcecode.swift; path = ApiInterface.swift; sourceTree = "<group>"; };
		9B67D8F827A367D400971A0C /* CategoryViewModel.swift */ = {isa = PBXFileReference; lastKnownFileType = sourcecode.swift; path = CategoryViewModel.swift; sourceTree = "<group>"; };
		9B67D8FA27A4181D00971A0C /* SearchResult.swift */ = {isa = PBXFileReference; lastKnownFileType = sourcecode.swift; path = SearchResult.swift; sourceTree = "<group>"; };
		9B67D8FC27A41A6A00971A0C /* Listing.swift */ = {isa = PBXFileReference; lastKnownFileType = sourcecode.swift; path = Listing.swift; sourceTree = "<group>"; };
		9B67D8FE27A49B4100971A0C /* ListingsView.swift */ = {isa = PBXFileReference; lastKnownFileType = sourcecode.swift; path = ListingsView.swift; sourceTree = "<group>"; };
		9B67D90027A49B8800971A0C /* ListingsViewModel.swift */ = {isa = PBXFileReference; lastKnownFileType = sourcecode.swift; path = ListingsViewModel.swift; sourceTree = "<group>"; };
		9B67D90227A49D3000971A0C /* BaseViewModel.swift */ = {isa = PBXFileReference; lastKnownFileType = sourcecode.swift; path = BaseViewModel.swift; sourceTree = "<group>"; };
		9B67D92827A6377800971A0C /* OAuthHelper.swift */ = {isa = PBXFileReference; lastKnownFileType = sourcecode.swift; path = OAuthHelper.swift; sourceTree = "<group>"; };
		9B67D92B27A64A7300971A0C /* Credentials.swift */ = {isa = PBXFileReference; lastKnownFileType = sourcecode.swift; path = Credentials.swift; sourceTree = "<group>"; };
		9B6EB7D827A20D5600C19A32 /* TradeMe_Categories.app */ = {isa = PBXFileReference; explicitFileType = wrapper.application; includeInIndex = 0; path = TradeMe_Categories.app; sourceTree = BUILT_PRODUCTS_DIR; };
		9B6EB7DB27A20D5600C19A32 /* TradeMe_CategoriesApp.swift */ = {isa = PBXFileReference; lastKnownFileType = sourcecode.swift; path = TradeMe_CategoriesApp.swift; sourceTree = "<group>"; };
		9B6EB7DF27A20D5B00C19A32 /* Assets.xcassets */ = {isa = PBXFileReference; lastKnownFileType = folder.assetcatalog; path = Assets.xcassets; sourceTree = "<group>"; };
		9B6EB7E227A20D5B00C19A32 /* Preview Assets.xcassets */ = {isa = PBXFileReference; lastKnownFileType = folder.assetcatalog; path = "Preview Assets.xcassets"; sourceTree = "<group>"; };
		9B6EB7E827A20D5C00C19A32 /* TradeMe_CategoriesTests.xctest */ = {isa = PBXFileReference; explicitFileType = wrapper.cfbundle; includeInIndex = 0; path = TradeMe_CategoriesTests.xctest; sourceTree = BUILT_PRODUCTS_DIR; };
		9B6EB7EC27A20D5C00C19A32 /* TradeMe_CategoriesTests.swift */ = {isa = PBXFileReference; lastKnownFileType = sourcecode.swift; path = TradeMe_CategoriesTests.swift; sourceTree = "<group>"; };
		9B6EB7F227A20D5C00C19A32 /* TradeMe_CategoriesUITests.xctest */ = {isa = PBXFileReference; explicitFileType = wrapper.cfbundle; includeInIndex = 0; path = TradeMe_CategoriesUITests.xctest; sourceTree = BUILT_PRODUCTS_DIR; };
		9B6EB7F627A20D5C00C19A32 /* TradeMe_CategoriesUITests.swift */ = {isa = PBXFileReference; lastKnownFileType = sourcecode.swift; path = TradeMe_CategoriesUITests.swift; sourceTree = "<group>"; };
		9B6EB7F827A20D5C00C19A32 /* TradeMe_CategoriesUITestsLaunchTests.swift */ = {isa = PBXFileReference; lastKnownFileType = sourcecode.swift; path = TradeMe_CategoriesUITestsLaunchTests.swift; sourceTree = "<group>"; };
		9B6EB80827A20EE000C19A32 /* ApiManager.swift */ = {isa = PBXFileReference; lastKnownFileType = sourcecode.swift; path = ApiManager.swift; sourceTree = "<group>"; };
		9B6EB80B27A2204600C19A32 /* Category.swift */ = {isa = PBXFileReference; lastKnownFileType = sourcecode.swift; path = Category.swift; sourceTree = "<group>"; };
		9B6EB80E27A22AC400C19A32 /* CategoryListViewModel.swift */ = {isa = PBXFileReference; lastKnownFileType = sourcecode.swift; path = CategoryListViewModel.swift; sourceTree = "<group>"; };
		9B6EB81027A2419200C19A32 /* categories_test.json */ = {isa = PBXFileReference; lastKnownFileType = text.json; path = categories_test.json; sourceTree = "<group>"; };
		9BD56F4D27A6C192009CA366 /* SubCategoryNodeView.swift */ = {isa = PBXFileReference; lastKnownFileType = sourcecode.swift; path = SubCategoryNodeView.swift; sourceTree = "<group>"; };
/* End PBXFileReference section */

/* Begin PBXFrameworksBuildPhase section */
		9B6EB7D527A20D5600C19A32 /* Frameworks */ = {
			isa = PBXFrameworksBuildPhase;
			buildActionMask = 2147483647;
			files = (
			);
			runOnlyForDeploymentPostprocessing = 0;
		};
		9B6EB7E527A20D5C00C19A32 /* Frameworks */ = {
			isa = PBXFrameworksBuildPhase;
			buildActionMask = 2147483647;
			files = (
			);
			runOnlyForDeploymentPostprocessing = 0;
		};
		9B6EB7EF27A20D5C00C19A32 /* Frameworks */ = {
			isa = PBXFrameworksBuildPhase;
			buildActionMask = 2147483647;
			files = (
			);
			runOnlyForDeploymentPostprocessing = 0;
		};
/* End PBXFrameworksBuildPhase section */

/* Begin PBXGroup section */
		9B67D92A27A6494E00971A0C /* Data */ = {
			isa = PBXGroup;
			children = (
				9B67D92B27A64A7300971A0C /* Credentials.swift */,
			);
			path = Data;
			sourceTree = "<group>";
		};
		9B6EB7CF27A20D5600C19A32 = {
			isa = PBXGroup;
			children = (
				9B6EB7DA27A20D5600C19A32 /* TradeMe_Categories */,
				9B6EB7EB27A20D5C00C19A32 /* TradeMe_CategoriesTests */,
				9B6EB7F527A20D5C00C19A32 /* TradeMe_CategoriesUITests */,
				9B6EB7D927A20D5600C19A32 /* Products */,
			);
			sourceTree = "<group>";
		};
		9B6EB7D927A20D5600C19A32 /* Products */ = {
			isa = PBXGroup;
			children = (
				9B6EB7D827A20D5600C19A32 /* TradeMe_Categories.app */,
				9B6EB7E827A20D5C00C19A32 /* TradeMe_CategoriesTests.xctest */,
				9B6EB7F227A20D5C00C19A32 /* TradeMe_CategoriesUITests.xctest */,
			);
			name = Products;
			sourceTree = "<group>";
		};
		9B6EB7DA27A20D5600C19A32 /* TradeMe_Categories */ = {
			isa = PBXGroup;
			children = (
				9B6EB7DB27A20D5600C19A32 /* TradeMe_CategoriesApp.swift */,
				9B6EB80627A20E6400C19A32 /* Views */,
				9B6EB80D27A22A5600C19A32 /* ViewModels */,
				9B6EB80A27A2200E00C19A32 /* Models */,
				9B6EB80727A20E7400C19A32 /* Managers */,
				9B67D92A27A6494E00971A0C /* Data */,
				9B6EB7DF27A20D5B00C19A32 /* Assets.xcassets */,
				9B6EB7E127A20D5B00C19A32 /* Preview Content */,
			);
			path = TradeMe_Categories;
			sourceTree = "<group>";
		};
		9B6EB7E127A20D5B00C19A32 /* Preview Content */ = {
			isa = PBXGroup;
			children = (
				9B6EB7E227A20D5B00C19A32 /* Preview Assets.xcassets */,
			);
			path = "Preview Content";
			sourceTree = "<group>";
		};
		9B6EB7EB27A20D5C00C19A32 /* TradeMe_CategoriesTests */ = {
			isa = PBXGroup;
			children = (
				9B6EB7EC27A20D5C00C19A32 /* TradeMe_CategoriesTests.swift */,
			);
			path = TradeMe_CategoriesTests;
			sourceTree = "<group>";
		};
		9B6EB7F527A20D5C00C19A32 /* TradeMe_CategoriesUITests */ = {
			isa = PBXGroup;
			children = (
				9B6EB7F627A20D5C00C19A32 /* TradeMe_CategoriesUITests.swift */,
				9B6EB7F827A20D5C00C19A32 /* TradeMe_CategoriesUITestsLaunchTests.swift */,
			);
			path = TradeMe_CategoriesUITests;
			sourceTree = "<group>";
		};
		9B6EB80627A20E6400C19A32 /* Views */ = {
			isa = PBXGroup;
			children = (
				9BD56F4C27A6C116009CA366 /* Debug */,
				9B67D8F027A3398000971A0C /* CategoryListView.swift */,
				9B67D8F427A33C7F00971A0C /* CategoryRowView.swift */,
				9BD56F4D27A6C192009CA366 /* SubCategoryNodeView.swift */,
				9B67D8FE27A49B4100971A0C /* ListingsView.swift */,
			);
			path = Views;
			sourceTree = "<group>";
		};
		9B6EB80727A20E7400C19A32 /* Managers */ = {
			isa = PBXGroup;
			children = (
				9B67D8F627A357F500971A0C /* ApiInterface.swift */,
				9B6EB80827A20EE000C19A32 /* ApiManager.swift */,
				9B67D92827A6377800971A0C /* OAuthHelper.swift */,
			);
			path = Managers;
			sourceTree = "<group>";
		};
		9B6EB80A27A2200E00C19A32 /* Models */ = {
			isa = PBXGroup;
			children = (
				9B6EB80B27A2204600C19A32 /* Category.swift */,
				9B67D8FA27A4181D00971A0C /* SearchResult.swift */,
				9B67D8FC27A41A6A00971A0C /* Listing.swift */,
				9B6EB81027A2419200C19A32 /* categories_test.json */,
			);
			path = Models;
			sourceTree = "<group>";
		};
		9B6EB80D27A22A5600C19A32 /* ViewModels */ = {
			isa = PBXGroup;
			children = (
				9B67D90227A49D3000971A0C /* BaseViewModel.swift */,
				9B6EB80E27A22AC400C19A32 /* CategoryListViewModel.swift */,
				9B67D8F827A367D400971A0C /* CategoryViewModel.swift */,
				9B67D90027A49B8800971A0C /* ListingsViewModel.swift */,
			);
			path = ViewModels;
			sourceTree = "<group>";
		};
		9BD56F4C27A6C116009CA366 /* Debug */ = {
			isa = PBXGroup;
			children = (
				9B67D8F227A33C7100971A0C /* CategoryDebugView.swift */,
			);
			path = Debug;
			sourceTree = "<group>";
		};
/* End PBXGroup section */

/* Begin PBXNativeTarget section */
		9B6EB7D727A20D5600C19A32 /* TradeMe_Categories */ = {
			isa = PBXNativeTarget;
			buildConfigurationList = 9B6EB7FC27A20D5C00C19A32 /* Build configuration list for PBXNativeTarget "TradeMe_Categories" */;
			buildPhases = (
				9B6EB7D427A20D5600C19A32 /* Sources */,
				9B6EB7D527A20D5600C19A32 /* Frameworks */,
				9B6EB7D627A20D5600C19A32 /* Resources */,
			);
			buildRules = (
			);
			dependencies = (
			);
			name = TradeMe_Categories;
			packageProductDependencies = (
			);
			productName = TradeMe_Categories;
			productReference = 9B6EB7D827A20D5600C19A32 /* TradeMe_Categories.app */;
			productType = "com.apple.product-type.application";
		};
		9B6EB7E727A20D5C00C19A32 /* TradeMe_CategoriesTests */ = {
			isa = PBXNativeTarget;
			buildConfigurationList = 9B6EB7FF27A20D5C00C19A32 /* Build configuration list for PBXNativeTarget "TradeMe_CategoriesTests" */;
			buildPhases = (
				9B6EB7E427A20D5C00C19A32 /* Sources */,
				9B6EB7E527A20D5C00C19A32 /* Frameworks */,
				9B6EB7E627A20D5C00C19A32 /* Resources */,
			);
			buildRules = (
			);
			dependencies = (
				9B6EB7EA27A20D5C00C19A32 /* PBXTargetDependency */,
			);
			name = TradeMe_CategoriesTests;
			productName = TradeMe_CategoriesTests;
			productReference = 9B6EB7E827A20D5C00C19A32 /* TradeMe_CategoriesTests.xctest */;
			productType = "com.apple.product-type.bundle.unit-test";
		};
		9B6EB7F127A20D5C00C19A32 /* TradeMe_CategoriesUITests */ = {
			isa = PBXNativeTarget;
			buildConfigurationList = 9B6EB80227A20D5C00C19A32 /* Build configuration list for PBXNativeTarget "TradeMe_CategoriesUITests" */;
			buildPhases = (
				9B6EB7EE27A20D5C00C19A32 /* Sources */,
				9B6EB7EF27A20D5C00C19A32 /* Frameworks */,
				9B6EB7F027A20D5C00C19A32 /* Resources */,
			);
			buildRules = (
			);
			dependencies = (
				9B6EB7F427A20D5C00C19A32 /* PBXTargetDependency */,
			);
			name = TradeMe_CategoriesUITests;
			productName = TradeMe_CategoriesUITests;
			productReference = 9B6EB7F227A20D5C00C19A32 /* TradeMe_CategoriesUITests.xctest */;
			productType = "com.apple.product-type.bundle.ui-testing";
		};
/* End PBXNativeTarget section */

/* Begin PBXProject section */
		9B6EB7D027A20D5600C19A32 /* Project object */ = {
			isa = PBXProject;
			attributes = {
				BuildIndependentTargetsInParallel = 1;
				LastSwiftUpdateCheck = 1310;
				LastUpgradeCheck = 1310;
				TargetAttributes = {
					9B6EB7D727A20D5600C19A32 = {
						CreatedOnToolsVersion = 13.1;
					};
					9B6EB7E727A20D5C00C19A32 = {
						CreatedOnToolsVersion = 13.1;
						TestTargetID = 9B6EB7D727A20D5600C19A32;
					};
					9B6EB7F127A20D5C00C19A32 = {
						CreatedOnToolsVersion = 13.1;
						TestTargetID = 9B6EB7D727A20D5600C19A32;
					};
				};
			};
			buildConfigurationList = 9B6EB7D327A20D5600C19A32 /* Build configuration list for PBXProject "TradeMe_Categories" */;
			compatibilityVersion = "Xcode 13.0";
			developmentRegion = en;
			hasScannedForEncodings = 0;
			knownRegions = (
				en,
				Base,
			);
			mainGroup = 9B6EB7CF27A20D5600C19A32;
			packageReferences = (
			);
			productRefGroup = 9B6EB7D927A20D5600C19A32 /* Products */;
			projectDirPath = "";
			projectRoot = "";
			targets = (
				9B6EB7D727A20D5600C19A32 /* TradeMe_Categories */,
				9B6EB7E727A20D5C00C19A32 /* TradeMe_CategoriesTests */,
				9B6EB7F127A20D5C00C19A32 /* TradeMe_CategoriesUITests */,
			);
		};
/* End PBXProject section */

/* Begin PBXResourcesBuildPhase section */
		9B6EB7D627A20D5600C19A32 /* Resources */ = {
			isa = PBXResourcesBuildPhase;
			buildActionMask = 2147483647;
			files = (
				9B6EB81327A2516500C19A32 /* categories_test.json in Resources */,
				9B6EB7E327A20D5B00C19A32 /* Preview Assets.xcassets in Resources */,
				9B6EB7E027A20D5B00C19A32 /* Assets.xcassets in Resources */,
			);
			runOnlyForDeploymentPostprocessing = 0;
		};
		9B6EB7E627A20D5C00C19A32 /* Resources */ = {
			isa = PBXResourcesBuildPhase;
			buildActionMask = 2147483647;
			files = (
			);
			runOnlyForDeploymentPostprocessing = 0;
		};
		9B6EB7F027A20D5C00C19A32 /* Resources */ = {
			isa = PBXResourcesBuildPhase;
			buildActionMask = 2147483647;
			files = (
			);
			runOnlyForDeploymentPostprocessing = 0;
		};
/* End PBXResourcesBuildPhase section */

/* Begin PBXSourcesBuildPhase section */
		9B6EB7D427A20D5600C19A32 /* Sources */ = {
			isa = PBXSourcesBuildPhase;
			buildActionMask = 2147483647;
			files = (
				9B6EB80927A20EE000C19A32 /* ApiManager.swift in Sources */,
				9B67D8F527A33C7F00971A0C /* CategoryRowView.swift in Sources */,
				9B67D8F927A367D400971A0C /* CategoryViewModel.swift in Sources */,
				9B6EB7DC27A20D5600C19A32 /* TradeMe_CategoriesApp.swift in Sources */,
				9B67D8FF27A49B4100971A0C /* ListingsView.swift in Sources */,
				9B67D8F727A357F500971A0C /* ApiInterface.swift in Sources */,
				9B67D8FD27A41A6A00971A0C /* Listing.swift in Sources */,
				9B6EB80C27A2204600C19A32 /* Category.swift in Sources */,
				9B67D8F127A3398000971A0C /* CategoryListView.swift in Sources */,
				9B67D8F327A33C7100971A0C /* CategoryDebugView.swift in Sources */,
				9BD56F4E27A6C192009CA366 /* SubCategoryNodeView.swift in Sources */,
				9B67D90327A49D3000971A0C /* BaseViewModel.swift in Sources */,
				9B67D8FB27A4181D00971A0C /* SearchResult.swift in Sources */,
				9B67D92927A6377800971A0C /* OAuthHelper.swift in Sources */,
				9B6EB80F27A22AC400C19A32 /* CategoryListViewModel.swift in Sources */,
				9B67D92C27A64A7300971A0C /* Credentials.swift in Sources */,
				9B67D90127A49B8800971A0C /* ListingsViewModel.swift in Sources */,
			);
			runOnlyForDeploymentPostprocessing = 0;
		};
		9B6EB7E427A20D5C00C19A32 /* Sources */ = {
			isa = PBXSourcesBuildPhase;
			buildActionMask = 2147483647;
			files = (
				9BD56F5027A73713009CA366 /* Credentials.swift in Sources */,
				9B6EB7ED27A20D5C00C19A32 /* TradeMe_CategoriesTests.swift in Sources */,
				9BD56F4F27A735B5009CA366 /* OAuthHelper.swift in Sources */,
			);
			runOnlyForDeploymentPostprocessing = 0;
		};
		9B6EB7EE27A20D5C00C19A32 /* Sources */ = {
			isa = PBXSourcesBuildPhase;
			buildActionMask = 2147483647;
			files = (
				9B6EB7F727A20D5C00C19A32 /* TradeMe_CategoriesUITests.swift in Sources */,
				9B6EB7F927A20D5C00C19A32 /* TradeMe_CategoriesUITestsLaunchTests.swift in Sources */,
			);
			runOnlyForDeploymentPostprocessing = 0;
		};
/* End PBXSourcesBuildPhase section */

/* Begin PBXTargetDependency section */
		9B6EB7EA27A20D5C00C19A32 /* PBXTargetDependency */ = {
			isa = PBXTargetDependency;
			target = 9B6EB7D727A20D5600C19A32 /* TradeMe_Categories */;
			targetProxy = 9B6EB7E927A20D5C00C19A32 /* PBXContainerItemProxy */;
		};
		9B6EB7F427A20D5C00C19A32 /* PBXTargetDependency */ = {
			isa = PBXTargetDependency;
			target = 9B6EB7D727A20D5600C19A32 /* TradeMe_Categories */;
			targetProxy = 9B6EB7F327A20D5C00C19A32 /* PBXContainerItemProxy */;
		};
/* End PBXTargetDependency section */

/* Begin XCBuildConfiguration section */
		9B6EB7FA27A20D5C00C19A32 /* Debug */ = {
			isa = XCBuildConfiguration;
			buildSettings = {
				ALWAYS_SEARCH_USER_PATHS = NO;
				CLANG_ANALYZER_NONNULL = YES;
				CLANG_ANALYZER_NUMBER_OBJECT_CONVERSION = YES_AGGRESSIVE;
				CLANG_CXX_LANGUAGE_STANDARD = "gnu++17";
				CLANG_CXX_LIBRARY = "libc++";
				CLANG_ENABLE_MODULES = YES;
				CLANG_ENABLE_OBJC_ARC = YES;
				CLANG_ENABLE_OBJC_WEAK = YES;
				CLANG_WARN_BLOCK_CAPTURE_AUTORELEASING = YES;
				CLANG_WARN_BOOL_CONVERSION = YES;
				CLANG_WARN_COMMA = YES;
				CLANG_WARN_CONSTANT_CONVERSION = YES;
				CLANG_WARN_DEPRECATED_OBJC_IMPLEMENTATIONS = YES;
				CLANG_WARN_DIRECT_OBJC_ISA_USAGE = YES_ERROR;
				CLANG_WARN_DOCUMENTATION_COMMENTS = YES;
				CLANG_WARN_EMPTY_BODY = YES;
				CLANG_WARN_ENUM_CONVERSION = YES;
				CLANG_WARN_INFINITE_RECURSION = YES;
				CLANG_WARN_INT_CONVERSION = YES;
				CLANG_WARN_NON_LITERAL_NULL_CONVERSION = YES;
				CLANG_WARN_OBJC_IMPLICIT_RETAIN_SELF = YES;
				CLANG_WARN_OBJC_LITERAL_CONVERSION = YES;
				CLANG_WARN_OBJC_ROOT_CLASS = YES_ERROR;
				CLANG_WARN_QUOTED_INCLUDE_IN_FRAMEWORK_HEADER = YES;
				CLANG_WARN_RANGE_LOOP_ANALYSIS = YES;
				CLANG_WARN_STRICT_PROTOTYPES = YES;
				CLANG_WARN_SUSPICIOUS_MOVE = YES;
				CLANG_WARN_UNGUARDED_AVAILABILITY = YES_AGGRESSIVE;
				CLANG_WARN_UNREACHABLE_CODE = YES;
				CLANG_WARN__DUPLICATE_METHOD_MATCH = YES;
				COPY_PHASE_STRIP = NO;
				DEBUG_INFORMATION_FORMAT = dwarf;
				ENABLE_STRICT_OBJC_MSGSEND = YES;
				ENABLE_TESTABILITY = YES;
				GCC_C_LANGUAGE_STANDARD = gnu11;
				GCC_DYNAMIC_NO_PIC = NO;
				GCC_NO_COMMON_BLOCKS = YES;
				GCC_OPTIMIZATION_LEVEL = 0;
				GCC_PREPROCESSOR_DEFINITIONS = (
					"DEBUG=1",
					"$(inherited)",
				);
				GCC_WARN_64_TO_32_BIT_CONVERSION = YES;
				GCC_WARN_ABOUT_RETURN_TYPE = YES_ERROR;
				GCC_WARN_UNDECLARED_SELECTOR = YES;
				GCC_WARN_UNINITIALIZED_AUTOS = YES_AGGRESSIVE;
				GCC_WARN_UNUSED_FUNCTION = YES;
				GCC_WARN_UNUSED_VARIABLE = YES;
				IPHONEOS_DEPLOYMENT_TARGET = 15.0;
				MTL_ENABLE_DEBUG_INFO = INCLUDE_SOURCE;
				MTL_FAST_MATH = YES;
				ONLY_ACTIVE_ARCH = YES;
				SDKROOT = iphoneos;
				SWIFT_ACTIVE_COMPILATION_CONDITIONS = DEBUG;
				SWIFT_OPTIMIZATION_LEVEL = "-Onone";
			};
			name = Debug;
		};
		9B6EB7FB27A20D5C00C19A32 /* Release */ = {
			isa = XCBuildConfiguration;
			buildSettings = {
				ALWAYS_SEARCH_USER_PATHS = NO;
				CLANG_ANALYZER_NONNULL = YES;
				CLANG_ANALYZER_NUMBER_OBJECT_CONVERSION = YES_AGGRESSIVE;
				CLANG_CXX_LANGUAGE_STANDARD = "gnu++17";
				CLANG_CXX_LIBRARY = "libc++";
				CLANG_ENABLE_MODULES = YES;
				CLANG_ENABLE_OBJC_ARC = YES;
				CLANG_ENABLE_OBJC_WEAK = YES;
				CLANG_WARN_BLOCK_CAPTURE_AUTORELEASING = YES;
				CLANG_WARN_BOOL_CONVERSION = YES;
				CLANG_WARN_COMMA = YES;
				CLANG_WARN_CONSTANT_CONVERSION = YES;
				CLANG_WARN_DEPRECATED_OBJC_IMPLEMENTATIONS = YES;
				CLANG_WARN_DIRECT_OBJC_ISA_USAGE = YES_ERROR;
				CLANG_WARN_DOCUMENTATION_COMMENTS = YES;
				CLANG_WARN_EMPTY_BODY = YES;
				CLANG_WARN_ENUM_CONVERSION = YES;
				CLANG_WARN_INFINITE_RECURSION = YES;
				CLANG_WARN_INT_CONVERSION = YES;
				CLANG_WARN_NON_LITERAL_NULL_CONVERSION = YES;
				CLANG_WARN_OBJC_IMPLICIT_RETAIN_SELF = YES;
				CLANG_WARN_OBJC_LITERAL_CONVERSION = YES;
				CLANG_WARN_OBJC_ROOT_CLASS = YES_ERROR;
				CLANG_WARN_QUOTED_INCLUDE_IN_FRAMEWORK_HEADER = YES;
				CLANG_WARN_RANGE_LOOP_ANALYSIS = YES;
				CLANG_WARN_STRICT_PROTOTYPES = YES;
				CLANG_WARN_SUSPICIOUS_MOVE = YES;
				CLANG_WARN_UNGUARDED_AVAILABILITY = YES_AGGRESSIVE;
				CLANG_WARN_UNREACHABLE_CODE = YES;
				CLANG_WARN__DUPLICATE_METHOD_MATCH = YES;
				COPY_PHASE_STRIP = NO;
				DEBUG_INFORMATION_FORMAT = "dwarf-with-dsym";
				ENABLE_NS_ASSERTIONS = NO;
				ENABLE_STRICT_OBJC_MSGSEND = YES;
				GCC_C_LANGUAGE_STANDARD = gnu11;
				GCC_NO_COMMON_BLOCKS = YES;
				GCC_WARN_64_TO_32_BIT_CONVERSION = YES;
				GCC_WARN_ABOUT_RETURN_TYPE = YES_ERROR;
				GCC_WARN_UNDECLARED_SELECTOR = YES;
				GCC_WARN_UNINITIALIZED_AUTOS = YES_AGGRESSIVE;
				GCC_WARN_UNUSED_FUNCTION = YES;
				GCC_WARN_UNUSED_VARIABLE = YES;
				IPHONEOS_DEPLOYMENT_TARGET = 15.0;
				MTL_ENABLE_DEBUG_INFO = NO;
				MTL_FAST_MATH = YES;
				SDKROOT = iphoneos;
				SWIFT_COMPILATION_MODE = wholemodule;
				SWIFT_OPTIMIZATION_LEVEL = "-O";
				VALIDATE_PRODUCT = YES;
			};
			name = Release;
		};
		9B6EB7FD27A20D5C00C19A32 /* Debug */ = {
			isa = XCBuildConfiguration;
			buildSettings = {
				ASSETCATALOG_COMPILER_APPICON_NAME = AppIcon;
				ASSETCATALOG_COMPILER_GLOBAL_ACCENT_COLOR_NAME = AccentColor;
				CODE_SIGN_STYLE = Automatic;
				CURRENT_PROJECT_VERSION = 1;
				DEVELOPMENT_ASSET_PATHS = "\"TradeMe_Categories/Preview Content\"";
				DEVELOPMENT_TEAM = 8D6EXSQ3MT;
				ENABLE_PREVIEWS = YES;
				GENERATE_INFOPLIST_FILE = YES;
				INFOPLIST_KEY_UIApplicationSceneManifest_Generation = YES;
				INFOPLIST_KEY_UIApplicationSupportsIndirectInputEvents = YES;
				INFOPLIST_KEY_UILaunchScreen_Generation = YES;
				INFOPLIST_KEY_UISupportedInterfaceOrientations_iPad = "UIInterfaceOrientationPortrait UIInterfaceOrientationPortraitUpsideDown UIInterfaceOrientationLandscapeLeft UIInterfaceOrientationLandscapeRight";
				INFOPLIST_KEY_UISupportedInterfaceOrientations_iPhone = "UIInterfaceOrientationPortrait UIInterfaceOrientationLandscapeLeft UIInterfaceOrientationLandscapeRight";
				LD_RUNPATH_SEARCH_PATHS = (
					"$(inherited)",
					"@executable_path/Frameworks",
				);
				MARKETING_VERSION = 1.0;
				PRODUCT_BUNDLE_IDENTIFIER = "nz.co.funkygadget.TradeMe-Categories";
				PRODUCT_NAME = "$(TARGET_NAME)";
				SWIFT_EMIT_LOC_STRINGS = YES;
				SWIFT_VERSION = 5.0;
				TARGETED_DEVICE_FAMILY = "1,2";
			};
			name = Debug;
		};
		9B6EB7FE27A20D5C00C19A32 /* Release */ = {
			isa = XCBuildConfiguration;
			buildSettings = {
				ASSETCATALOG_COMPILER_APPICON_NAME = AppIcon;
				ASSETCATALOG_COMPILER_GLOBAL_ACCENT_COLOR_NAME = AccentColor;
				CODE_SIGN_STYLE = Automatic;
				CURRENT_PROJECT_VERSION = 1;
				DEVELOPMENT_ASSET_PATHS = "\"TradeMe_Categories/Preview Content\"";
				DEVELOPMENT_TEAM = 8D6EXSQ3MT;
				ENABLE_PREVIEWS = YES;
				GENERATE_INFOPLIST_FILE = YES;
				INFOPLIST_KEY_UIApplicationSceneManifest_Generation = YES;
				INFOPLIST_KEY_UIApplicationSupportsIndirectInputEvents = YES;
				INFOPLIST_KEY_UILaunchScreen_Generation = YES;
				INFOPLIST_KEY_UISupportedInterfaceOrientations_iPad = "UIInterfaceOrientationPortrait UIInterfaceOrientationPortraitUpsideDown UIInterfaceOrientationLandscapeLeft UIInterfaceOrientationLandscapeRight";
				INFOPLIST_KEY_UISupportedInterfaceOrientations_iPhone = "UIInterfaceOrientationPortrait UIInterfaceOrientationLandscapeLeft UIInterfaceOrientationLandscapeRight";
				LD_RUNPATH_SEARCH_PATHS = (
					"$(inherited)",
					"@executable_path/Frameworks",
				);
				MARKETING_VERSION = 1.0;
				PRODUCT_BUNDLE_IDENTIFIER = "nz.co.funkygadget.TradeMe-Categories";
				PRODUCT_NAME = "$(TARGET_NAME)";
				SWIFT_EMIT_LOC_STRINGS = YES;
				SWIFT_VERSION = 5.0;
				TARGETED_DEVICE_FAMILY = "1,2";
			};
			name = Release;
		};
		9B6EB80027A20D5C00C19A32 /* Debug */ = {
			isa = XCBuildConfiguration;
			buildSettings = {
				ALWAYS_EMBED_SWIFT_STANDARD_LIBRARIES = YES;
				BUNDLE_LOADER = "$(TEST_HOST)";
				CODE_SIGN_STYLE = Automatic;
				CURRENT_PROJECT_VERSION = 1;
				DEVELOPMENT_TEAM = 8D6EXSQ3MT;
				GENERATE_INFOPLIST_FILE = YES;
				IPHONEOS_DEPLOYMENT_TARGET = 15.0;
				LD_RUNPATH_SEARCH_PATHS = (
					"$(inherited)",
					"@executable_path/Frameworks",
					"@loader_path/Frameworks",
				);
				MARKETING_VERSION = 1.0;
				PRODUCT_BUNDLE_IDENTIFIER = "nz.co.funkygadget.TradeMe-CategoriesTests";
				PRODUCT_NAME = "$(TARGET_NAME)";
				SWIFT_EMIT_LOC_STRINGS = NO;
				SWIFT_VERSION = 5.0;
				TARGETED_DEVICE_FAMILY = "1,2";
				TEST_HOST = "$(BUILT_PRODUCTS_DIR)/TradeMe_Categories.app/TradeMe_Categories";
			};
			name = Debug;
		};
		9B6EB80127A20D5C00C19A32 /* Release */ = {
			isa = XCBuildConfiguration;
			buildSettings = {
				ALWAYS_EMBED_SWIFT_STANDARD_LIBRARIES = YES;
				BUNDLE_LOADER = "$(TEST_HOST)";
				CODE_SIGN_STYLE = Automatic;
				CURRENT_PROJECT_VERSION = 1;
				DEVELOPMENT_TEAM = 8D6EXSQ3MT;
				GENERATE_INFOPLIST_FILE = YES;
				IPHONEOS_DEPLOYMENT_TARGET = 15.0;
				LD_RUNPATH_SEARCH_PATHS = (
					"$(inherited)",
					"@executable_path/Frameworks",
					"@loader_path/Frameworks",
				);
				MARKETING_VERSION = 1.0;
				PRODUCT_BUNDLE_IDENTIFIER = "nz.co.funkygadget.TradeMe-CategoriesTests";
				PRODUCT_NAME = "$(TARGET_NAME)";
				SWIFT_EMIT_LOC_STRINGS = NO;
				SWIFT_VERSION = 5.0;
				TARGETED_DEVICE_FAMILY = "1,2";
				TEST_HOST = "$(BUILT_PRODUCTS_DIR)/TradeMe_Categories.app/TradeMe_Categories";
			};
			name = Release;
		};
		9B6EB80327A20D5C00C19A32 /* Debug */ = {
			isa = XCBuildConfiguration;
			buildSettings = {
				ALWAYS_EMBED_SWIFT_STANDARD_LIBRARIES = YES;
				CODE_SIGN_STYLE = Automatic;
				CURRENT_PROJECT_VERSION = 1;
				DEVELOPMENT_TEAM = 8D6EXSQ3MT;
				GENERATE_INFOPLIST_FILE = YES;
				LD_RUNPATH_SEARCH_PATHS = (
					"$(inherited)",
					"@executable_path/Frameworks",
					"@loader_path/Frameworks",
				);
				MARKETING_VERSION = 1.0;
				PRODUCT_BUNDLE_IDENTIFIER = "nz.co.funkygadget.TradeMe-CategoriesUITests";
				PRODUCT_NAME = "$(TARGET_NAME)";
				SWIFT_EMIT_LOC_STRINGS = NO;
				SWIFT_VERSION = 5.0;
				TARGETED_DEVICE_FAMILY = "1,2";
				TEST_TARGET_NAME = TradeMe_Categories;
			};
			name = Debug;
		};
		9B6EB80427A20D5C00C19A32 /* Release */ = {
			isa = XCBuildConfiguration;
			buildSettings = {
				ALWAYS_EMBED_SWIFT_STANDARD_LIBRARIES = YES;
				CODE_SIGN_STYLE = Automatic;
				CURRENT_PROJECT_VERSION = 1;
				DEVELOPMENT_TEAM = 8D6EXSQ3MT;
				GENERATE_INFOPLIST_FILE = YES;
				LD_RUNPATH_SEARCH_PATHS = (
					"$(inherited)",
					"@executable_path/Frameworks",
					"@loader_path/Frameworks",
				);
				MARKETING_VERSION = 1.0;
				PRODUCT_BUNDLE_IDENTIFIER = "nz.co.funkygadget.TradeMe-CategoriesUITests";
				PRODUCT_NAME = "$(TARGET_NAME)";
				SWIFT_EMIT_LOC_STRINGS = NO;
				SWIFT_VERSION = 5.0;
				TARGETED_DEVICE_FAMILY = "1,2";
				TEST_TARGET_NAME = TradeMe_Categories;
			};
			name = Release;
		};
/* End XCBuildConfiguration section */

/* Begin XCConfigurationList section */
		9B6EB7D327A20D5600C19A32 /* Build configuration list for PBXProject "TradeMe_Categories" */ = {
			isa = XCConfigurationList;
			buildConfigurations = (
				9B6EB7FA27A20D5C00C19A32 /* Debug */,
				9B6EB7FB27A20D5C00C19A32 /* Release */,
			);
			defaultConfigurationIsVisible = 0;
			defaultConfigurationName = Release;
		};
		9B6EB7FC27A20D5C00C19A32 /* Build configuration list for PBXNativeTarget "TradeMe_Categories" */ = {
			isa = XCConfigurationList;
			buildConfigurations = (
				9B6EB7FD27A20D5C00C19A32 /* Debug */,
				9B6EB7FE27A20D5C00C19A32 /* Release */,
			);
			defaultConfigurationIsVisible = 0;
			defaultConfigurationName = Release;
		};
		9B6EB7FF27A20D5C00C19A32 /* Build configuration list for PBXNativeTarget "TradeMe_CategoriesTests" */ = {
			isa = XCConfigurationList;
			buildConfigurations = (
				9B6EB80027A20D5C00C19A32 /* Debug */,
				9B6EB80127A20D5C00C19A32 /* Release */,
			);
			defaultConfigurationIsVisible = 0;
			defaultConfigurationName = Release;
		};
		9B6EB80227A20D5C00C19A32 /* Build configuration list for PBXNativeTarget "TradeMe_CategoriesUITests" */ = {
			isa = XCConfigurationList;
			buildConfigurations = (
				9B6EB80327A20D5C00C19A32 /* Debug */,
				9B6EB80427A20D5C00C19A32 /* Release */,
			);
			defaultConfigurationIsVisible = 0;
			defaultConfigurationName = Release;
		};
/* End XCConfigurationList section */
	};
	rootObject = 9B6EB7D027A20D5600C19A32 /* Project object */;
}
